// !$*UTF8*$!
{
	archiveVersion = 1;
	classes = {
	};
	objectVersion = 50;
	objects = {

/* Begin PBXBuildFile section */
		6DCF464E2099589900441C4E /* AppDelegate.swift in Sources */ = {isa = PBXBuildFile; fileRef = 6DCF464D2099589900441C4E /* AppDelegate.swift */; };
		6DCF46542099589900441C4E /* GameScene.swift in Sources */ = {isa = PBXBuildFile; fileRef = 6DCF46532099589900441C4E /* GameScene.swift */; };
		6DCF46562099589900441C4E /* GameViewController.swift in Sources */ = {isa = PBXBuildFile; fileRef = 6DCF46552099589900441C4E /* GameViewController.swift */; };
		6DCF46592099589900441C4E /* Main.storyboard in Resources */ = {isa = PBXBuildFile; fileRef = 6DCF46572099589900441C4E /* Main.storyboard */; };
		6DCF465B2099589B00441C4E /* Assets.xcassets in Resources */ = {isa = PBXBuildFile; fileRef = 6DCF465A2099589B00441C4E /* Assets.xcassets */; };
		6DCF465E2099589B00441C4E /* LaunchScreen.storyboard in Resources */ = {isa = PBXBuildFile; fileRef = 6DCF465C2099589B00441C4E /* LaunchScreen.storyboard */; };
		6DCF466620995E7E00441C4E /* Button.swift in Sources */ = {isa = PBXBuildFile; fileRef = 6DCF466520995E7E00441C4E /* Button.swift */; };
/* End PBXBuildFile section */

/* Begin PBXFileReference section */
		6DCF464A2099589900441C4E /* SimpleArcadeGame.app */ = {isa = PBXFileReference; explicitFileType = wrapper.application; includeInIndex = 0; path = SimpleArcadeGame.app; sourceTree = BUILT_PRODUCTS_DIR; };
		6DCF464D2099589900441C4E /* AppDelegate.swift */ = {isa = PBXFileReference; lastKnownFileType = sourcecode.swift; path = AppDelegate.swift; sourceTree = "<group>"; };
		6DCF46532099589900441C4E /* GameScene.swift */ = {isa = PBXFileReference; lastKnownFileType = sourcecode.swift; path = GameScene.swift; sourceTree = "<group>"; };
		6DCF46552099589900441C4E /* GameViewController.swift */ = {isa = PBXFileReference; lastKnownFileType = sourcecode.swift; path = GameViewController.swift; sourceTree = "<group>"; };
		6DCF46582099589900441C4E /* Base */ = {isa = PBXFileReference; lastKnownFileType = file.storyboard; name = Base; path = Base.lproj/Main.storyboard; sourceTree = "<group>"; };
		6DCF465A2099589B00441C4E /* Assets.xcassets */ = {isa = PBXFileReference; lastKnownFileType = folder.assetcatalog; path = Assets.xcassets; sourceTree = "<group>"; };
		6DCF465D2099589B00441C4E /* Base */ = {isa = PBXFileReference; lastKnownFileType = file.storyboard; name = Base; path = Base.lproj/LaunchScreen.storyboard; sourceTree = "<group>"; };
		6DCF465F2099589B00441C4E /* Info.plist */ = {isa = PBXFileReference; lastKnownFileType = text.plist.xml; path = Info.plist; sourceTree = "<group>"; };
		6DCF466520995E7E00441C4E /* Button.swift */ = {isa = PBXFileReference; lastKnownFileType = sourcecode.swift; path = Button.swift; sourceTree = "<group>"; };
/* End PBXFileReference section */

/* Begin PBXFrameworksBuildPhase section */
		6DCF46472099589900441C4E /* Frameworks */ = {
			isa = PBXFrameworksBuildPhase;
			buildActionMask = 2147483647;
			files = (
			);
			runOnlyForDeploymentPostprocessing = 0;
		};
/* End PBXFrameworksBuildPhase section */

/* Begin PBXGroup section */
		6DCF46412099589900441C4E = {
			isa = PBXGroup;
			children = (
				6DCF464C2099589900441C4E /* SimpleArcadeGame */,
				6DCF464B2099589900441C4E /* Products */,
			);
			sourceTree = "<group>";
		};
		6DCF464B2099589900441C4E /* Products */ = {
			isa = PBXGroup;
			children = (
				6DCF464A2099589900441C4E /* SimpleArcadeGame.app */,
			);
			name = Products;
			sourceTree = "<group>";
		};
		6DCF464C2099589900441C4E /* SimpleArcadeGame */ = {
			isa = PBXGroup;
			children = (
				6DCF464D2099589900441C4E /* AppDelegate.swift */,
				6DCF46532099589900441C4E /* GameScene.swift */,
				6DCF46552099589900441C4E /* GameViewController.swift */,
				6DCF46572099589900441C4E /* Main.storyboard */,
				6DCF465A2099589B00441C4E /* Assets.xcassets */,
				6DCF465C2099589B00441C4E /* LaunchScreen.storyboard */,
				6DCF465F2099589B00441C4E /* Info.plist */,
				6DCF466520995E7E00441C4E /* Button.swift */,
			);
			path = SimpleArcadeGame;
			sourceTree = "<group>";
		};
/* End PBXGroup section */

/* Begin PBXNativeTarget section */
		6DCF46492099589900441C4E /* SimpleArcadeGame */ = {
			isa = PBXNativeTarget;
			buildConfigurationList = 6DCF46622099589B00441C4E /* Build configuration list for PBXNativeTarget "SimpleArcadeGame" */;
			buildPhases = (
				6DCF46462099589900441C4E /* Sources */,
				6DCF46472099589900441C4E /* Frameworks */,
				6DCF46482099589900441C4E /* Resources */,
			);
			buildRules = (
			);
			dependencies = (
			);
			name = SimpleArcadeGame;
			productName = SimpleArcadeGame;
			productReference = 6DCF464A2099589900441C4E /* SimpleArcadeGame.app */;
			productType = "com.apple.product-type.application";
		};
/* End PBXNativeTarget section */

/* Begin PBXProject section */
		6DCF46422099589900441C4E /* Project object */ = {
			isa = PBXProject;
			attributes = {
				LastSwiftUpdateCheck = 0930;
				LastUpgradeCheck = 0930;
				ORGANIZATIONNAME = Deakin;
				TargetAttributes = {
					6DCF46492099589900441C4E = {
						CreatedOnToolsVersion = 9.3;
					};
				};
			};
			buildConfigurationList = 6DCF46452099589900441C4E /* Build configuration list for PBXProject "SimpleArcadeGame" */;
			compatibilityVersion = "Xcode 9.3";
			developmentRegion = en;
			hasScannedForEncodings = 0;
			knownRegions = (
				en,
				Base,
			);
			mainGroup = 6DCF46412099589900441C4E;
			productRefGroup = 6DCF464B2099589900441C4E /* Products */;
			projectDirPath = "";
			projectRoot = "";
			targets = (
				6DCF46492099589900441C4E /* SimpleArcadeGame */,
			);
		};
/* End PBXProject section */

/* Begin PBXResourcesBuildPhase section */
		6DCF46482099589900441C4E /* Resources */ = {
			isa = PBXResourcesBuildPhase;
			buildActionMask = 2147483647;
			files = (
				6DCF46592099589900441C4E /* Main.storyboard in Resources */,
				6DCF465B2099589B00441C4E /* Assets.xcassets in Resources */,
				6DCF465E2099589B00441C4E /* LaunchScreen.storyboard in Resources */,
			);
			runOnlyForDeploymentPostprocessing = 0;
		};
/* End PBXResourcesBuildPhase section */

/* Begin PBXSourcesBuildPhase section */
		6DCF46462099589900441C4E /* Sources */ = {
			isa = PBXSourcesBuildPhase;
			buildActionMask = 2147483647;
			files = (
				6DCF46542099589900441C4E /* GameScene.swift in Sources */,
				6DCF46562099589900441C4E /* GameViewController.swift in Sources */,
				6DCF464E2099589900441C4E /* AppDelegate.swift in Sources */,
				6DCF466620995E7E00441C4E /* Button.swift in Sources */,
			);
			runOnlyForDeploymentPostprocessing = 0;
		};
/* End PBXSourcesBuildPhase section */

/* Begin PBXVariantGroup section */
		6DCF46572099589900441C4E /* Main.storyboard */ = {
			isa = PBXVariantGroup;
			children = (
				6DCF46582099589900441C4E /* Base */,
			);
			name = Main.storyboard;
			sourceTree = "<group>";
		};
		6DCF465C2099589B00441C4E /* LaunchScreen.storyboard */ = {
			isa = PBXVariantGroup;
			children = (
				6DCF465D2099589B00441C4E /* Base */,
			);
			name = LaunchScreen.storyboard;
			sourceTree = "<group>";
		};
/* End PBXVariantGroup section */

/* Begin XCBuildConfiguration section */
		6DCF46602099589B00441C4E /* Debug */ = {
			isa = XCBuildConfiguration;
			buildSettings = {
				ALWAYS_SEARCH_USER_PATHS = NO;
				CLANG_ANALYZER_NONNULL = YES;
				CLANG_ANALYZER_NUMBER_OBJECT_CONVERSION = YES_AGGRESSIVE;
				CLANG_CXX_LANGUAGE_STANDARD = "gnu++14";
				CLANG_CXX_LIBRARY = "libc++";
				CLANG_ENABLE_MODULES = YES;
				CLANG_ENABLE_OBJC_ARC = YES;
				CLANG_ENABLE_OBJC_WEAK = YES;
				CLANG_WARN_BLOCK_CAPTURE_AUTORELEASING = YES;
				CLANG_WARN_BOOL_CONVERSION = YES;
				CLANG_WARN_COMMA = YES;
				CLANG_WARN_CONSTANT_CONVERSION = YES;
				CLANG_WARN_DEPRECATED_OBJC_IMPLEMENTATIONS = YES;
				CLANG_WARN_DIRECT_OBJC_ISA_USAGE = YES_ERROR;
				CLANG_WARN_DOCUMENTATION_COMMENTS = YES;
				CLANG_WARN_EMPTY_BODY = YES;
				CLANG_WARN_ENUM_CONVERSION = YES;
				CLANG_WARN_INFINITE_RECURSION = YES;
				CLANG_WARN_INT_CONVERSION = YES;
				CLANG_WARN_NON_LITERAL_NULL_CONVERSION = YES;
				CLANG_WARN_OBJC_IMPLICIT_RETAIN_SELF = YES;
				CLANG_WARN_OBJC_LITERAL_CONVERSION = YES;
				CLANG_WARN_OBJC_ROOT_CLASS = YES_ERROR;
				CLANG_WARN_RANGE_LOOP_ANALYSIS = YES;
				CLANG_WARN_STRICT_PROTOTYPES = YES;
				CLANG_WARN_SUSPICIOUS_MOVE = YES;
				CLANG_WARN_UNGUARDED_AVAILABILITY = YES_AGGRESSIVE;
				CLANG_WARN_UNREACHABLE_CODE = YES;
				CLANG_WARN__DUPLICATE_METHOD_MATCH = YES;
				CODE_SIGN_IDENTITY = "iPhone Developer";
				COPY_PHASE_STRIP = NO;
				DEBUG_INFORMATION_FORMAT = dwarf;
				ENABLE_STRICT_OBJC_MSGSEND = YES;
				ENABLE_TESTABILITY = YES;
				GCC_C_LANGUAGE_STANDARD = gnu11;
				GCC_DYNAMIC_NO_PIC = NO;
				GCC_NO_COMMON_BLOCKS = YES;
				GCC_OPTIMIZATION_LEVEL = 0;
				GCC_PREPROCESSOR_DEFINITIONS = (
					"DEBUG=1",
					"$(inherited)",
				);
				GCC_WARN_64_TO_32_BIT_CONVERSION = YES;
				GCC_WARN_ABOUT_RETURN_TYPE = YES_ERROR;
				GCC_WARN_UNDECLARED_SELECTOR = YES;
				GCC_WARN_UNINITIALIZED_AUTOS = YES_AGGRESSIVE;
				GCC_WARN_UNUSED_FUNCTION = YES;
				GCC_WARN_UNUSED_VARIABLE = YES;
				IPHONEOS_DEPLOYMENT_TARGET = 10.0;
				MTL_ENABLE_DEBUG_INFO = YES;
				ONLY_ACTIVE_ARCH = YES;
				SDKROOT = iphoneos;
				SWIFT_ACTIVE_COMPILATION_CONDITIONS = DEBUG;
				SWIFT_OPTIMIZATION_LEVEL = "-Onone";
			};
			name = Debug;
		};
		6DCF46612099589B00441C4E /* Release */ = {
			isa = XCBuildConfiguration;
			buildSettings = {
				ALWAYS_SEARCH_USER_PATHS = NO;
				CLANG_ANALYZER_NONNULL = YES;
				CLANG_ANALYZER_NUMBER_OBJECT_CONVERSION = YES_AGGRESSIVE;
				CLANG_CXX_LANGUAGE_STANDARD = "gnu++14";
				CLANG_CXX_LIBRARY = "libc++";
				CLANG_ENABLE_MODULES = YES;
				CLANG_ENABLE_OBJC_ARC = YES;
				CLANG_ENABLE_OBJC_WEAK = YES;
				CLANG_WARN_BLOCK_CAPTURE_AUTORELEASING = YES;
				CLANG_WARN_BOOL_CONVERSION = YES;
				CLANG_WARN_COMMA = YES;
				CLANG_WARN_CONSTANT_CONVERSION = YES;
				CLANG_WARN_DEPRECATED_OBJC_IMPLEMENTATIONS = YES;
				CLANG_WARN_DIRECT_OBJC_ISA_USAGE = YES_ERROR;
				CLANG_WARN_DOCUMENTATION_COMMENTS = YES;
				CLANG_WARN_EMPTY_BODY = YES;
				CLANG_WARN_ENUM_CONVERSION = YES;
				CLANG_WARN_INFINITE_RECURSION = YES;
				CLANG_WARN_INT_CONVERSION = YES;
				CLANG_WARN_NON_LITERAL_NULL_CONVERSION = YES;
				CLANG_WARN_OBJC_IMPLICIT_RETAIN_SELF = YES;
				CLANG_WARN_OBJC_LITERAL_CONVERSION = YES;
				CLANG_WARN_OBJC_ROOT_CLASS = YES_ERROR;
				CLANG_WARN_RANGE_LOOP_ANALYSIS = YES;
				CLANG_WARN_STRICT_PROTOTYPES = YES;
				CLANG_WARN_SUSPICIOUS_MOVE = YES;
				CLANG_WARN_UNGUARDED_AVAILABILITY = YES_AGGRESSIVE;
				CLANG_WARN_UNREACHABLE_CODE = YES;
				CLANG_WARN__DUPLICATE_METHOD_MATCH = YES;
				CODE_SIGN_IDENTITY = "iPhone Developer";
				COPY_PHASE_STRIP = NO;
				DEBUG_INFORMATION_FORMAT = "dwarf-with-dsym";
				ENABLE_NS_ASSERTIONS = NO;
				ENABLE_STRICT_OBJC_MSGSEND = YES;
				GCC_C_LANGUAGE_STANDARD = gnu11;
				GCC_NO_COMMON_BLOCKS = YES;
				GCC_WARN_64_TO_32_BIT_CONVERSION = YES;
				GCC_WARN_ABOUT_RETURN_TYPE = YES_ERROR;
				GCC_WARN_UNDECLARED_SELECTOR = YES;
				GCC_WARN_UNINITIALIZED_AUTOS = YES_AGGRESSIVE;
				GCC_WARN_UNUSED_FUNCTION = YES;
				GCC_WARN_UNUSED_VARIABLE = YES;
				IPHONEOS_DEPLOYMENT_TARGET = 10.0;
				MTL_ENABLE_DEBUG_INFO = NO;
				SDKROOT = iphoneos;
				SWIFT_COMPILATION_MODE = wholemodule;
				SWIFT_OPTIMIZATION_LEVEL = "-O";
				VALIDATE_PRODUCT = YES;
			};
			name = Release;
		};
		6DCF46632099589B00441C4E /* Debug */ = {
			isa = XCBuildConfiguration;
			buildSettings = {
				ASSETCATALOG_COMPILER_APPICON_NAME = AppIcon;
				CODE_SIGN_STYLE = Automatic;
				DEVELOPMENT_TEAM = 3C4MZ8A392;
				INFOPLIST_FILE = SimpleArcadeGame/Info.plist;
				LD_RUNPATH_SEARCH_PATHS = (
					"$(inherited)",
					"@executable_path/Frameworks",
				);
				PRODUCT_BUNDLE_IDENTIFIER = com.Deakin.SimpleArcadeGame;
				PRODUCT_NAME = "$(TARGET_NAME)";
				SWIFT_VERSION = 4.0;
				TARGETED_DEVICE_FAMILY = "1,2";
			};
			name = Debug;
		};
		6DCF46642099589B00441C4E /* Release */ = {
			isa = XCBuildConfiguration;
			buildSettings = {
				ASSETCATALOG_COMPILER_APPICON_NAME = AppIcon;
				CODE_SIGN_STYLE = Automatic;
				DEVELOPMENT_TEAM = 3C4MZ8A392;
				INFOPLIST_FILE = SimpleArcadeGame/Info.plist;
				LD_RUNPATH_SEARCH_PATHS = (
					"$(inherited)",
					"@executable_path/Frameworks",
				);
				PRODUCT_BUNDLE_IDENTIFIER = com.Deakin.SimpleArcadeGame;
				PRODUCT_NAME = "$(TARGET_NAME)";
				SWIFT_VERSION = 4.0;
				TARGETED_DEVICE_FAMILY = "1,2";
			};
			name = Release;
		};
/* End XCBuildConfiguration section */

/* Begin XCConfigurationList section */
		6DCF46452099589900441C4E /* Build configuration list for PBXProject "SimpleArcadeGame" */ = {
			isa = XCConfigurationList;
			buildConfigurations = (
				6DCF46602099589B00441C4E /* Debug */,
				6DCF46612099589B00441C4E /* Release */,
			);
			defaultConfigurationIsVisible = 0;
			defaultConfigurationName = Release;
		};
		6DCF46622099589B00441C4E /* Build configuration list for PBXNativeTarget "SimpleArcadeGame" */ = {
			isa = XCConfigurationList;
			buildConfigurations = (
				6DCF46632099589B00441C4E /* Debug */,
				6DCF46642099589B00441C4E /* Release */,
			);
			defaultConfigurationIsVisible = 0;
			defaultConfigurationName = Release;
		};
/* End XCConfigurationList section */
	};
	rootObject = 6DCF46422099589900441C4E /* Project object */;
}
